// !$*UTF8*$!
{
	archiveVersion = 1;
	classes = {
	};
	objectVersion = 46;
	objects = {

/* Begin PBXBuildFile section */
		7B3200F71785AECC00BACD11 /* UIKit.framework in Frameworks */ = {isa = PBXBuildFile; fileRef = 7B3200F61785AECC00BACD11 /* UIKit.framework */; };
		7B3200F91785AECC00BACD11 /* Foundation.framework in Frameworks */ = {isa = PBXBuildFile; fileRef = 7B3200F81785AECC00BACD11 /* Foundation.framework */; };
		7B3200FB1785AECC00BACD11 /* CoreGraphics.framework in Frameworks */ = {isa = PBXBuildFile; fileRef = 7B3200FA1785AECC00BACD11 /* CoreGraphics.framework */; };
		7B454F3B17A5449C003F1F16 /* Jimmys Birthday.jpg in Resources */ = {isa = PBXBuildFile; fileRef = 7B454F3A17A5449C003F1F16 /* Jimmys Birthday.jpg */; };
		7B454F3D17A54A6E003F1F16 /* Springfield.jpg in Resources */ = {isa = PBXBuildFile; fileRef = 7B454F3C17A54A6E003F1F16 /* Springfield.jpg */; };
		7B8CA004178EDEFE00E8ED22 /* Treasure-Island-map.jpg in Resources */ = {isa = PBXBuildFile; fileRef = 7B8CA003178EDEFE00E8ED22 /* Treasure-Island-map.jpg */; };
		7B8CA006178EE14D00E8ED22 /* Part_of_Qumran_Copper_Scroll.jpg in Resources */ = {isa = PBXBuildFile; fileRef = 7B8CA005178EE14D00E8ED22 /* Part_of_Qumran_Copper_Scroll.jpg */; };
		7B8CA008178EE49500E8ED22 /* El Dorado.jpg in Resources */ = {isa = PBXBuildFile; fileRef = 7B8CA007178EE49500E8ED22 /* El Dorado.jpg */; };
		7BA9FFE4179EFFA8004D9543 /* AppDelegate.m in Sources */ = {isa = PBXBuildFile; fileRef = 7BA9FFC2179EFFA8004D9543 /* AppDelegate.m */; };
		7BA9FFE5179EFFA8004D9543 /* AwardTypeViewController.m in Sources */ = {isa = PBXBuildFile; fileRef = 7BA9FFC4179EFFA8004D9543 /* AwardTypeViewController.m */; };
		7BA9FFE6179EFFA8004D9543 /* Clue.m in Sources */ = {isa = PBXBuildFile; fileRef = 7BA9FFC6179EFFA8004D9543 /* Clue.m */; };
		7BA9FFE7179EFFA8004D9543 /* CluesViewController.m in Sources */ = {isa = PBXBuildFile; fileRef = 7BA9FFC8179EFFA8004D9543 /* CluesViewController.m */; };
		7BA9FFE8179EFFA8004D9543 /* DataModel.m in Sources */ = {isa = PBXBuildFile; fileRef = 7BA9FFCA179EFFA8004D9543 /* DataModel.m */; };
		7BA9FFE9179EFFA8004D9543 /* DatePickerViewController.m in Sources */ = {isa = PBXBuildFile; fileRef = 7BA9FFCC179EFFA8004D9543 /* DatePickerViewController.m */; };
		7BA9FFEA179EFFA8004D9543 /* InstructionsViewController.m in Sources */ = {isa = PBXBuildFile; fileRef = 7BA9FFCE179EFFA8004D9543 /* InstructionsViewController.m */; };
		7BA9FFEB179EFFA8004D9543 /* main.m in Sources */ = {isa = PBXBuildFile; fileRef = 7BA9FFCF179EFFA8004D9543 /* main.m */; };
		7BA9FFEC179EFFA8004D9543 /* MapDetailViewController.m in Sources */ = {isa = PBXBuildFile; fileRef = 7BA9FFD1179EFFA8004D9543 /* MapDetailViewController.m */; };
		7BA9FFED179EFFA8004D9543 /* MyMapsViewController.m in Sources */ = {isa = PBXBuildFile; fileRef = 7BA9FFD3179EFFA8004D9543 /* MyMapsViewController.m */; };
		7BA9FFEE179EFFA8004D9543 /* NewClueViewController.m in Sources */ = {isa = PBXBuildFile; fileRef = 7BA9FFD5179EFFA8004D9543 /* NewClueViewController.m */; };
		7BA9FFEF179EFFA8004D9543 /* NewMapViewController.m in Sources */ = {isa = PBXBuildFile; fileRef = 7BA9FFD7179EFFA8004D9543 /* NewMapViewController.m */; };
		7BA9FFF0179EFFA8004D9543 /* PhotoViewController.m in Sources */ = {isa = PBXBuildFile; fileRef = 7BA9FFD9179EFFA8004D9543 /* PhotoViewController.m */; };
		7BA9FFF1179EFFA8004D9543 /* SharedMapsViewController.m in Sources */ = {isa = PBXBuildFile; fileRef = 7BA9FFDB179EFFA8004D9543 /* SharedMapsViewController.m */; };
		7BA9FFF2179EFFA8004D9543 /* TabBarController.m in Sources */ = {isa = PBXBuildFile; fileRef = 7BA9FFDD179EFFA8004D9543 /* TabBarController.m */; };
		7BA9FFF4179EFFA8004D9543 /* TreasureMap.m in Sources */ = {isa = PBXBuildFile; fileRef = 7BA9FFE1179EFFA8004D9543 /* TreasureMap.m */; };
		7BA9FFF5179EFFA8004D9543 /* UIImage+Resize.m in Sources */ = {isa = PBXBuildFile; fileRef = 7BA9FFE3179EFFA8004D9543 /* UIImage+Resize.m */; };
		7BA9FFFA179F000E004D9543 /* InfoPlist.strings in Resources */ = {isa = PBXBuildFile; fileRef = 7BA9FFF6179F000E004D9543 /* InfoPlist.strings */; };
		7BA9FFFB179F000E004D9543 /* MainStoryboard.storyboard in Resources */ = {isa = PBXBuildFile; fileRef = 7BA9FFF8179F000E004D9543 /* MainStoryboard.storyboard */; };
		D24E285018D909E600C714D2 /* Media.xcassets in Resources */ = {isa = PBXBuildFile; fileRef = D24E284F18D909E600C714D2 /* Media.xcassets */; };
/* End PBXBuildFile section */

/* Begin PBXFileReference section */
		7B3200F31785AECC00BACD11 /* TreasureHunt.app */ = {isa = PBXFileReference; explicitFileType = wrapper.application; includeInIndex = 0; path = TreasureHunt.app; sourceTree = BUILT_PRODUCTS_DIR; };
		7B3200F61785AECC00BACD11 /* UIKit.framework */ = {isa = PBXFileReference; lastKnownFileType = wrapper.framework; name = UIKit.framework; path = System/Library/Frameworks/UIKit.framework; sourceTree = SDKROOT; };
		7B3200F81785AECC00BACD11 /* Foundation.framework */ = {isa = PBXFileReference; lastKnownFileType = wrapper.framework; name = Foundation.framework; path = System/Library/Frameworks/Foundation.framework; sourceTree = SDKROOT; };
		7B3200FA1785AECC00BACD11 /* CoreGraphics.framework */ = {isa = PBXFileReference; lastKnownFileType = wrapper.framework; name = CoreGraphics.framework; path = System/Library/Frameworks/CoreGraphics.framework; sourceTree = SDKROOT; };
		7B454F3A17A5449C003F1F16 /* Jimmys Birthday.jpg */ = {isa = PBXFileReference; lastKnownFileType = image.jpeg; path = "Jimmys Birthday.jpg"; sourceTree = "<group>"; };
		7B454F3C17A54A6E003F1F16 /* Springfield.jpg */ = {isa = PBXFileReference; lastKnownFileType = image.jpeg; path = Springfield.jpg; sourceTree = "<group>"; };
		7B8CA003178EDEFE00E8ED22 /* Treasure-Island-map.jpg */ = {isa = PBXFileReference; lastKnownFileType = image.jpeg; path = "Treasure-Island-map.jpg"; sourceTree = "<group>"; };
		7B8CA005178EE14D00E8ED22 /* Part_of_Qumran_Copper_Scroll.jpg */ = {isa = PBXFileReference; lastKnownFileType = image.jpeg; path = Part_of_Qumran_Copper_Scroll.jpg; sourceTree = "<group>"; };
		7B8CA007178EE49500E8ED22 /* El Dorado.jpg */ = {isa = PBXFileReference; lastKnownFileType = image.jpeg; path = "El Dorado.jpg"; sourceTree = "<group>"; };
		7BA9FFC1179EFFA8004D9543 /* AppDelegate.h */ = {isa = PBXFileReference; fileEncoding = 4; lastKnownFileType = sourcecode.c.h; name = AppDelegate.h; path = Sources/AppDelegate.h; sourceTree = SOURCE_ROOT; };
		7BA9FFC2179EFFA8004D9543 /* AppDelegate.m */ = {isa = PBXFileReference; fileEncoding = 4; lastKnownFileType = sourcecode.c.objc; name = AppDelegate.m; path = Sources/AppDelegate.m; sourceTree = SOURCE_ROOT; };
		7BA9FFC3179EFFA8004D9543 /* AwardTypeViewController.h */ = {isa = PBXFileReference; fileEncoding = 4; lastKnownFileType = sourcecode.c.h; name = AwardTypeViewController.h; path = Sources/AwardTypeViewController.h; sourceTree = SOURCE_ROOT; };
		7BA9FFC4179EFFA8004D9543 /* AwardTypeViewController.m */ = {isa = PBXFileReference; fileEncoding = 4; lastKnownFileType = sourcecode.c.objc; name = AwardTypeViewController.m; path = Sources/AwardTypeViewController.m; sourceTree = SOURCE_ROOT; };
		7BA9FFC5179EFFA8004D9543 /* Clue.h */ = {isa = PBXFileReference; fileEncoding = 4; lastKnownFileType = sourcecode.c.h; name = Clue.h; path = Sources/Clue.h; sourceTree = SOURCE_ROOT; };
		7BA9FFC6179EFFA8004D9543 /* Clue.m */ = {isa = PBXFileReference; fileEncoding = 4; lastKnownFileType = sourcecode.c.objc; name = Clue.m; path = Sources/Clue.m; sourceTree = SOURCE_ROOT; };
		7BA9FFC7179EFFA8004D9543 /* CluesViewController.h */ = {isa = PBXFileReference; fileEncoding = 4; lastKnownFileType = sourcecode.c.h; name = CluesViewController.h; path = Sources/CluesViewController.h; sourceTree = SOURCE_ROOT; };
		7BA9FFC8179EFFA8004D9543 /* CluesViewController.m */ = {isa = PBXFileReference; fileEncoding = 4; lastKnownFileType = sourcecode.c.objc; name = CluesViewController.m; path = Sources/CluesViewController.m; sourceTree = SOURCE_ROOT; };
		7BA9FFC9179EFFA8004D9543 /* DataModel.h */ = {isa = PBXFileReference; fileEncoding = 4; lastKnownFileType = sourcecode.c.h; name = DataModel.h; path = Sources/DataModel.h; sourceTree = SOURCE_ROOT; };
		7BA9FFCA179EFFA8004D9543 /* DataModel.m */ = {isa = PBXFileReference; fileEncoding = 4; lastKnownFileType = sourcecode.c.objc; name = DataModel.m; path = Sources/DataModel.m; sourceTree = SOURCE_ROOT; };
		7BA9FFCB179EFFA8004D9543 /* DatePickerViewController.h */ = {isa = PBXFileReference; fileEncoding = 4; lastKnownFileType = sourcecode.c.h; name = DatePickerViewController.h; path = Sources/DatePickerViewController.h; sourceTree = SOURCE_ROOT; };
		7BA9FFCC179EFFA8004D9543 /* DatePickerViewController.m */ = {isa = PBXFileReference; fileEncoding = 4; lastKnownFileType = sourcecode.c.objc; name = DatePickerViewController.m; path = Sources/DatePickerViewController.m; sourceTree = SOURCE_ROOT; };
		7BA9FFCD179EFFA8004D9543 /* InstructionsViewController.h */ = {isa = PBXFileReference; fileEncoding = 4; lastKnownFileType = sourcecode.c.h; name = InstructionsViewController.h; path = Sources/InstructionsViewController.h; sourceTree = SOURCE_ROOT; };
		7BA9FFCE179EFFA8004D9543 /* InstructionsViewController.m */ = {isa = PBXFileReference; fileEncoding = 4; lastKnownFileType = sourcecode.c.objc; name = InstructionsViewController.m; path = Sources/InstructionsViewController.m; sourceTree = SOURCE_ROOT; };
		7BA9FFCF179EFFA8004D9543 /* main.m */ = {isa = PBXFileReference; fileEncoding = 4; lastKnownFileType = sourcecode.c.objc; name = main.m; path = Sources/main.m; sourceTree = SOURCE_ROOT; };
		7BA9FFD0179EFFA8004D9543 /* MapDetailViewController.h */ = {isa = PBXFileReference; fileEncoding = 4; lastKnownFileType = sourcecode.c.h; name = MapDetailViewController.h; path = Sources/MapDetailViewController.h; sourceTree = SOURCE_ROOT; };
		7BA9FFD1179EFFA8004D9543 /* MapDetailViewController.m */ = {isa = PBXFileReference; fileEncoding = 4; lastKnownFileType = sourcecode.c.objc; name = MapDetailViewController.m; path = Sources/MapDetailViewController.m; sourceTree = SOURCE_ROOT; };
		7BA9FFD2179EFFA8004D9543 /* MyMapsViewController.h */ = {isa = PBXFileReference; fileEncoding = 4; lastKnownFileType = sourcecode.c.h; name = MyMapsViewController.h; path = Sources/MyMapsViewController.h; sourceTree = SOURCE_ROOT; };
		7BA9FFD3179EFFA8004D9543 /* MyMapsViewController.m */ = {isa = PBXFileReference; fileEncoding = 4; lastKnownFileType = sourcecode.c.objc; name = MyMapsViewController.m; path = Sources/MyMapsViewController.m; sourceTree = SOURCE_ROOT; };
		7BA9FFD4179EFFA8004D9543 /* NewClueViewController.h */ = {isa = PBXFileReference; fileEncoding = 4; lastKnownFileType = sourcecode.c.h; name = NewClueViewController.h; path = Sources/NewClueViewController.h; sourceTree = SOURCE_ROOT; };
		7BA9FFD5179EFFA8004D9543 /* NewClueViewController.m */ = {isa = PBXFileReference; fileEncoding = 4; lastKnownFileType = sourcecode.c.objc; name = NewClueViewController.m; path = Sources/NewClueViewController.m; sourceTree = SOURCE_ROOT; };
		7BA9FFD6179EFFA8004D9543 /* NewMapViewController.h */ = {isa = PBXFileReference; fileEncoding = 4; lastKnownFileType = sourcecode.c.h; name = NewMapViewController.h; path = Sources/NewMapViewController.h; sourceTree = SOURCE_ROOT; };
		7BA9FFD7179EFFA8004D9543 /* NewMapViewController.m */ = {isa = PBXFileReference; fileEncoding = 4; lastKnownFileType = sourcecode.c.objc; name = NewMapViewController.m; path = Sources/NewMapViewController.m; sourceTree = SOURCE_ROOT; };
		7BA9FFD8179EFFA8004D9543 /* PhotoViewController.h */ = {isa = PBXFileReference; fileEncoding = 4; lastKnownFileType = sourcecode.c.h; name = PhotoViewController.h; path = Sources/PhotoViewController.h; sourceTree = SOURCE_ROOT; };
		7BA9FFD9179EFFA8004D9543 /* PhotoViewController.m */ = {isa = PBXFileReference; fileEncoding = 4; lastKnownFileType = sourcecode.c.objc; name = PhotoViewController.m; path = Sources/PhotoViewController.m; sourceTree = SOURCE_ROOT; };
		7BA9FFDA179EFFA8004D9543 /* SharedMapsViewController.h */ = {isa = PBXFileReference; fileEncoding = 4; lastKnownFileType = sourcecode.c.h; name = SharedMapsViewController.h; path = Sources/SharedMapsViewController.h; sourceTree = SOURCE_ROOT; };
		7BA9FFDB179EFFA8004D9543 /* SharedMapsViewController.m */ = {isa = PBXFileReference; fileEncoding = 4; lastKnownFileType = sourcecode.c.objc; name = SharedMapsViewController.m; path = Sources/SharedMapsViewController.m; sourceTree = SOURCE_ROOT; };
		7BA9FFDC179EFFA8004D9543 /* TabBarController.h */ = {isa = PBXFileReference; fileEncoding = 4; lastKnownFileType = sourcecode.c.h; name = TabBarController.h; path = Sources/TabBarController.h; sourceTree = SOURCE_ROOT; };
		7BA9FFDD179EFFA8004D9543 /* TabBarController.m */ = {isa = PBXFileReference; fileEncoding = 4; lastKnownFileType = sourcecode.c.objc; name = TabBarController.m; path = Sources/TabBarController.m; sourceTree = SOURCE_ROOT; };
		7BA9FFDE179EFFA8004D9543 /* TreasureHunt-Info.plist */ = {isa = PBXFileReference; fileEncoding = 4; lastKnownFileType = text.plist.xml; name = "TreasureHunt-Info.plist"; path = "Sources/TreasureHunt-Info.plist"; sourceTree = SOURCE_ROOT; };
		7BA9FFDF179EFFA8004D9543 /* TreasureHunt-Prefix.pch */ = {isa = PBXFileReference; fileEncoding = 4; lastKnownFileType = sourcecode.c.h; name = "TreasureHunt-Prefix.pch"; path = "Sources/TreasureHunt-Prefix.pch"; sourceTree = SOURCE_ROOT; };
		7BA9FFE0179EFFA8004D9543 /* TreasureMap.h */ = {isa = PBXFileReference; fileEncoding = 4; lastKnownFileType = sourcecode.c.h; name = TreasureMap.h; path = Sources/TreasureMap.h; sourceTree = SOURCE_ROOT; };
		7BA9FFE1179EFFA8004D9543 /* TreasureMap.m */ = {isa = PBXFileReference; fileEncoding = 4; lastKnownFileType = sourcecode.c.objc; name = TreasureMap.m; path = Sources/TreasureMap.m; sourceTree = SOURCE_ROOT; };
		7BA9FFE2179EFFA8004D9543 /* UIImage+Resize.h */ = {isa = PBXFileReference; fileEncoding = 4; lastKnownFileType = sourcecode.c.h; name = "UIImage+Resize.h"; path = "Sources/UIImage+Resize.h"; sourceTree = SOURCE_ROOT; };
		7BA9FFE3179EFFA8004D9543 /* UIImage+Resize.m */ = {isa = PBXFileReference; fileEncoding = 4; lastKnownFileType = sourcecode.c.objc; name = "UIImage+Resize.m"; path = "Sources/UIImage+Resize.m"; sourceTree = SOURCE_ROOT; };
		7BA9FFF7179F000E004D9543 /* en */ = {isa = PBXFileReference; lastKnownFileType = text.plist.strings; name = en; path = Sources/en.lproj/InfoPlist.strings; sourceTree = SOURCE_ROOT; };
		7BA9FFF9179F000E004D9543 /* en */ = {isa = PBXFileReference; lastKnownFileType = file.storyboard; name = en; path = Sources/en.lproj/MainStoryboard.storyboard; sourceTree = SOURCE_ROOT; };
		D24E284F18D909E600C714D2 /* Media.xcassets */ = {isa = PBXFileReference; lastKnownFileType = folder.assetcatalog; path = Media.xcassets; sourceTree = SOURCE_ROOT; };
/* End PBXFileReference section */

/* Begin PBXFrameworksBuildPhase section */
		7B3200F01785AECB00BACD11 /* Frameworks */ = {
			isa = PBXFrameworksBuildPhase;
			buildActionMask = 2147483647;
			files = (
				7B3200F71785AECC00BACD11 /* UIKit.framework in Frameworks */,
				7B3200F91785AECC00BACD11 /* Foundation.framework in Frameworks */,
				7B3200FB1785AECC00BACD11 /* CoreGraphics.framework in Frameworks */,
			);
			runOnlyForDeploymentPostprocessing = 0;
		};
/* End PBXFrameworksBuildPhase section */

/* Begin PBXGroup section */
		7B26E796178C4B7B004049CC /* Other Sources */ = {
			isa = PBXGroup;
			children = (
				7BA9FFC1179EFFA8004D9543 /* AppDelegate.h */,
				7BA9FFC2179EFFA8004D9543 /* AppDelegate.m */,
				7BA9FFCF179EFFA8004D9543 /* main.m */,
				7BA9FFDF179EFFA8004D9543 /* TreasureHunt-Prefix.pch */,
				7BA9FFE2179EFFA8004D9543 /* UIImage+Resize.h */,
				7BA9FFE3179EFFA8004D9543 /* UIImage+Resize.m */,
			);
			name = "Other Sources";
			sourceTree = "<group>";
		};
		7B3200EA1785AECB00BACD11 = {
			isa = PBXGroup;
			children = (
				7B3200FC1785AECC00BACD11 /* Treasure Hunt */,
				7B3200F51785AECC00BACD11 /* Frameworks */,
				7B3200F41785AECC00BACD11 /* Products */,
			);
			sourceTree = "<group>";
		};
		7B3200F41785AECC00BACD11 /* Products */ = {
			isa = PBXGroup;
			children = (
				7B3200F31785AECC00BACD11 /* TreasureHunt.app */,
			);
			name = Products;
			sourceTree = "<group>";
		};
		7B3200F51785AECC00BACD11 /* Frameworks */ = {
			isa = PBXGroup;
			children = (
				7B3200F61785AECC00BACD11 /* UIKit.framework */,
				7B3200F81785AECC00BACD11 /* Foundation.framework */,
				7B3200FA1785AECC00BACD11 /* CoreGraphics.framework */,
			);
			name = Frameworks;
			sourceTree = "<group>";
		};
		7B3200FC1785AECC00BACD11 /* Treasure Hunt */ = {
			isa = PBXGroup;
			children = (
				7BF89EFF178C4B3200F91E62 /* Data Model */,
				D24E284F18D909E600C714D2 /* Media.xcassets */,
				7B26E796178C4B7B004049CC /* Other Sources */,
				7B3200FD1785AECC00BACD11 /* Resources */,
				7BF89EDF178ABF3300F91E62 /* Test Data */,
				7BF89F00178C4B4000F91E62 /* View Controllers */,
			);
			name = "Treasure Hunt";
			path = Loot;
			sourceTree = "<group>";
		};
		7B3200FD1785AECC00BACD11 /* Resources */ = {
			isa = PBXGroup;
			children = (
				7BA9FFF6179F000E004D9543 /* InfoPlist.strings */,
				7BA9FFF8179F000E004D9543 /* MainStoryboard.storyboard */,
				7BA9FFDE179EFFA8004D9543 /* TreasureHunt-Info.plist */,
			);
			name = Resources;
			sourceTree = "<group>";
		};
		7BF89EDF178ABF3300F91E62 /* Test Data */ = {
			isa = PBXGroup;
			children = (
				7B8CA007178EE49500E8ED22 /* El Dorado.jpg */,
				7B454F3A17A5449C003F1F16 /* Jimmys Birthday.jpg */,
				7B8CA005178EE14D00E8ED22 /* Part_of_Qumran_Copper_Scroll.jpg */,
				7B454F3C17A54A6E003F1F16 /* Springfield.jpg */,
				7B8CA003178EDEFE00E8ED22 /* Treasure-Island-map.jpg */,
			);
			path = "Test Data";
			sourceTree = SOURCE_ROOT;
		};
		7BF89EFF178C4B3200F91E62 /* Data Model */ = {
			isa = PBXGroup;
			children = (
				7BA9FFC5179EFFA8004D9543 /* Clue.h */,
				7BA9FFC6179EFFA8004D9543 /* Clue.m */,
				7BA9FFC9179EFFA8004D9543 /* DataModel.h */,
				7BA9FFCA179EFFA8004D9543 /* DataModel.m */,
				7BA9FFE0179EFFA8004D9543 /* TreasureMap.h */,
				7BA9FFE1179EFFA8004D9543 /* TreasureMap.m */,
			);
			name = "Data Model";
			sourceTree = "<group>";
		};
		7BF89F00178C4B4000F91E62 /* View Controllers */ = {
			isa = PBXGroup;
			children = (
				7BA9FFC3179EFFA8004D9543 /* AwardTypeViewController.h */,
				7BA9FFC4179EFFA8004D9543 /* AwardTypeViewController.m */,
				7BA9FFC7179EFFA8004D9543 /* CluesViewController.h */,
				7BA9FFC8179EFFA8004D9543 /* CluesViewController.m */,
				7BA9FFCB179EFFA8004D9543 /* DatePickerViewController.h */,
				7BA9FFCC179EFFA8004D9543 /* DatePickerViewController.m */,
				7BA9FFCD179EFFA8004D9543 /* InstructionsViewController.h */,
				7BA9FFCE179EFFA8004D9543 /* InstructionsViewController.m */,
				7BA9FFD0179EFFA8004D9543 /* MapDetailViewController.h */,
				7BA9FFD1179EFFA8004D9543 /* MapDetailViewController.m */,
				7BA9FFD2179EFFA8004D9543 /* MyMapsViewController.h */,
				7BA9FFD3179EFFA8004D9543 /* MyMapsViewController.m */,
				7BA9FFD4179EFFA8004D9543 /* NewClueViewController.h */,
				7BA9FFD5179EFFA8004D9543 /* NewClueViewController.m */,
				7BA9FFD6179EFFA8004D9543 /* NewMapViewController.h */,
				7BA9FFD7179EFFA8004D9543 /* NewMapViewController.m */,
				7BA9FFD8179EFFA8004D9543 /* PhotoViewController.h */,
				7BA9FFD9179EFFA8004D9543 /* PhotoViewController.m */,
				7BA9FFDA179EFFA8004D9543 /* SharedMapsViewController.h */,
				7BA9FFDB179EFFA8004D9543 /* SharedMapsViewController.m */,
				7BA9FFDC179EFFA8004D9543 /* TabBarController.h */,
				7BA9FFDD179EFFA8004D9543 /* TabBarController.m */,
			);
			name = "View Controllers";
			sourceTree = "<group>";
		};
/* End PBXGroup section */

/* Begin PBXNativeTarget section */
		7B3200F21785AECB00BACD11 /* TreasureHunt */ = {
			isa = PBXNativeTarget;
			buildConfigurationList = 7B3201211785AECC00BACD11 /* Build configuration list for PBXNativeTarget "TreasureHunt" */;
			buildPhases = (
				7B3200EF1785AECB00BACD11 /* Sources */,
				7B3200F01785AECB00BACD11 /* Frameworks */,
				7B3200F11785AECB00BACD11 /* Resources */,
			);
			buildRules = (
			);
			dependencies = (
			);
			name = TreasureHunt;
			productName = Loot;
			productReference = 7B3200F31785AECC00BACD11 /* TreasureHunt.app */;
			productType = "com.apple.product-type.application";
		};
/* End PBXNativeTarget section */

/* Begin PBXProject section */
		7B3200EB1785AECB00BACD11 /* Project object */ = {
			isa = PBXProject;
			attributes = {
				LastUpgradeCheck = 0460;
				ORGANIZATIONNAME = Razeware;
			};
			buildConfigurationList = 7B3200EE1785AECB00BACD11 /* Build configuration list for PBXProject "TreasureHunt" */;
			compatibilityVersion = "Xcode 3.2";
			developmentRegion = English;
			hasScannedForEncodings = 0;
			knownRegions = (
				en,
			);
			mainGroup = 7B3200EA1785AECB00BACD11;
			productRefGroup = 7B3200F41785AECC00BACD11 /* Products */;
			projectDirPath = "";
			projectRoot = "";
			targets = (
				7B3200F21785AECB00BACD11 /* TreasureHunt */,
			);
		};
/* End PBXProject section */

/* Begin PBXResourcesBuildPhase section */
		7B3200F11785AECB00BACD11 /* Resources */ = {
			isa = PBXResourcesBuildPhase;
			buildActionMask = 2147483647;
			files = (
				7B8CA004178EDEFE00E8ED22 /* Treasure-Island-map.jpg in Resources */,
				7B8CA006178EE14D00E8ED22 /* Part_of_Qumran_Copper_Scroll.jpg in Resources */,
				7B8CA008178EE49500E8ED22 /* El Dorado.jpg in Resources */,
				D24E285018D909E600C714D2 /* Media.xcassets in Resources */,
				7BA9FFFA179F000E004D9543 /* InfoPlist.strings in Resources */,
				7BA9FFFB179F000E004D9543 /* MainStoryboard.storyboard in Resources */,
				7B454F3B17A5449C003F1F16 /* Jimmys Birthday.jpg in Resources */,
				7B454F3D17A54A6E003F1F16 /* Springfield.jpg in Resources */,
			);
			runOnlyForDeploymentPostprocessing = 0;
		};
/* End PBXResourcesBuildPhase section */

/* Begin PBXSourcesBuildPhase section */
		7B3200EF1785AECB00BACD11 /* Sources */ = {
			isa = PBXSourcesBuildPhase;
			buildActionMask = 2147483647;
			files = (
				7BA9FFE4179EFFA8004D9543 /* AppDelegate.m in Sources */,
				7BA9FFE5179EFFA8004D9543 /* AwardTypeViewController.m in Sources */,
				7BA9FFE6179EFFA8004D9543 /* Clue.m in Sources */,
				7BA9FFE7179EFFA8004D9543 /* CluesViewController.m in Sources */,
				7BA9FFE8179EFFA8004D9543 /* DataModel.m in Sources */,
				7BA9FFE9179EFFA8004D9543 /* DatePickerViewController.m in Sources */,
				7BA9FFEA179EFFA8004D9543 /* InstructionsViewController.m in Sources */,
				7BA9FFEB179EFFA8004D9543 /* main.m in Sources */,
				7BA9FFEC179EFFA8004D9543 /* MapDetailViewController.m in Sources */,
				7BA9FFED179EFFA8004D9543 /* MyMapsViewController.m in Sources */,
				7BA9FFEE179EFFA8004D9543 /* NewClueViewController.m in Sources */,
				7BA9FFEF179EFFA8004D9543 /* NewMapViewController.m in Sources */,
				7BA9FFF0179EFFA8004D9543 /* PhotoViewController.m in Sources */,
				7BA9FFF1179EFFA8004D9543 /* SharedMapsViewController.m in Sources */,
				7BA9FFF2179EFFA8004D9543 /* TabBarController.m in Sources */,
				7BA9FFF4179EFFA8004D9543 /* TreasureMap.m in Sources */,
				7BA9FFF5179EFFA8004D9543 /* UIImage+Resize.m in Sources */,
			);
			runOnlyForDeploymentPostprocessing = 0;
		};
/* End PBXSourcesBuildPhase section */

/* Begin PBXVariantGroup section */
		7BA9FFF6179F000E004D9543 /* InfoPlist.strings */ = {
			isa = PBXVariantGroup;
			children = (
				7BA9FFF7179F000E004D9543 /* en */,
			);
			name = InfoPlist.strings;
			sourceTree = "<group>";
		};
		7BA9FFF8179F000E004D9543 /* MainStoryboard.storyboard */ = {
			isa = PBXVariantGroup;
			children = (
				7BA9FFF9179F000E004D9543 /* en */,
			);
			name = MainStoryboard.storyboard;
			sourceTree = "<group>";
		};
/* End PBXVariantGroup section */

/* Begin XCBuildConfiguration section */
		7B32011F1785AECC00BACD11 /* Debug */ = {
			isa = XCBuildConfiguration;
			buildSettings = {
				ALWAYS_SEARCH_USER_PATHS = NO;
				CLANG_CXX_LANGUAGE_STANDARD = "gnu++0x";
				CLANG_CXX_LIBRARY = "libc++";
				CLANG_ENABLE_OBJC_ARC = YES;
				CLANG_WARN_CONSTANT_CONVERSION = YES;
				CLANG_WARN_EMPTY_BODY = YES;
				CLANG_WARN_ENUM_CONVERSION = YES;
				CLANG_WARN_INT_CONVERSION = YES;
				CLANG_WARN__DUPLICATE_METHOD_MATCH = YES;
				"CODE_SIGN_IDENTITY[sdk=iphoneos*]" = "iPhone Developer";
				COPY_PHASE_STRIP = NO;
				GCC_C_LANGUAGE_STANDARD = gnu99;
				GCC_DYNAMIC_NO_PIC = NO;
				GCC_OPTIMIZATION_LEVEL = 0;
				GCC_PREPROCESSOR_DEFINITIONS = (
					"DEBUG=1",
					"$(inherited)",
				);
				GCC_SYMBOLS_PRIVATE_EXTERN = NO;
				GCC_WARN_ABOUT_RETURN_TYPE = YES;
				GCC_WARN_UNINITIALIZED_AUTOS = YES;
				GCC_WARN_UNUSED_VARIABLE = YES;
				IPHONEOS_DEPLOYMENT_TARGET = 7.1;
				ONLY_ACTIVE_ARCH = YES;
				SDKROOT = iphoneos;
			};
			name = Debug;
		};
		7B3201201785AECC00BACD11 /* Release */ = {
			isa = XCBuildConfiguration;
			buildSettings = {
				ALWAYS_SEARCH_USER_PATHS = NO;
				CLANG_CXX_LANGUAGE_STANDARD = "gnu++0x";
				CLANG_CXX_LIBRARY = "libc++";
				CLANG_ENABLE_OBJC_ARC = YES;
				CLANG_WARN_CONSTANT_CONVERSION = YES;
				CLANG_WARN_EMPTY_BODY = YES;
				CLANG_WARN_ENUM_CONVERSION = YES;
				CLANG_WARN_INT_CONVERSION = YES;
				CLANG_WARN__DUPLICATE_METHOD_MATCH = YES;
				"CODE_SIGN_IDENTITY[sdk=iphoneos*]" = "iPhone Developer";
				COPY_PHASE_STRIP = YES;
				GCC_C_LANGUAGE_STANDARD = gnu99;
				GCC_WARN_ABOUT_RETURN_TYPE = YES;
				GCC_WARN_UNINITIALIZED_AUTOS = YES;
				GCC_WARN_UNUSED_VARIABLE = YES;
				IPHONEOS_DEPLOYMENT_TARGET = 7.1;
				OTHER_CFLAGS = "-DNS_BLOCK_ASSERTIONS=1";
				SDKROOT = iphoneos;
				VALIDATE_PRODUCT = YES;
			};
			name = Release;
		};
		7B3201221785AECC00BACD11 /* Debug */ = {
			isa = XCBuildConfiguration;
			buildSettings = {
				ASSETCATALOG_COMPILER_APPICON_NAME = AppIcon;
				ASSETCATALOG_COMPILER_LAUNCHIMAGE_NAME = LaunchImage;
				GCC_PRECOMPILE_PREFIX_HEADER = YES;
				GCC_PREFIX_HEADER = "Sources/TreasureHunt-Prefix.pch";
				INFOPLIST_FILE = "Sources/TreasureHunt-Info.plist";
				PRODUCT_NAME = TreasureHunt;
				RUN_CLANG_STATIC_ANALYZER = YES;
				WARNING_CFLAGS = (
					"-Wall",
					"-Wextra",
					"-Wno-unused-parameter",
				);
				WRAPPER_EXTENSION = app;
			};
			name = Debug;
		};
		7B3201231785AECC00BACD11 /* Release */ = {
			isa = XCBuildConfiguration;
			buildSettings = {
				ASSETCATALOG_COMPILER_APPICON_NAME = AppIcon;
				ASSETCATALOG_COMPILER_LAUNCHIMAGE_NAME = LaunchImage;
				GCC_PRECOMPILE_PREFIX_HEADER = YES;
				GCC_PREFIX_HEADER = "Sources/TreasureHunt-Prefix.pch";
				INFOPLIST_FILE = "Sources/TreasureHunt-Info.plist";
				PRODUCT_NAME = TreasureHunt;
				RUN_CLANG_STATIC_ANALYZER = YES;
				WARNING_CFLAGS = (
					"-Wall",
					"-Wextra",
					"-Wno-unused-parameter",
				);
				WRAPPER_EXTENSION = app;
			};
			name = Release;
		};
/* End XCBuildConfiguration section */

/* Begin XCConfigurationList section */
		7B3200EE1785AECB00BACD11 /* Build configuration list for PBXProject "TreasureHunt" */ = {
			isa = XCConfigurationList;
			buildConfigurations = (
				7B32011F1785AECC00BACD11 /* Debug */,
				7B3201201785AECC00BACD11 /* Release */,
			);
			defaultConfigurationIsVisible = 0;
			defaultConfigurationName = Release;
		};
		7B3201211785AECC00BACD11 /* Build configuration list for PBXNativeTarget "TreasureHunt" */ = {
			isa = XCConfigurationList;
			buildConfigurations = (
				7B3201221785AECC00BACD11 /* Debug */,
				7B3201231785AECC00BACD11 /* Release */,
			);
			defaultConfigurationIsVisible = 0;
			defaultConfigurationName = Release;
		};
/* End XCConfigurationList section */
	};
	rootObject = 7B3200EB1785AECB00BACD11 /* Project object */;
}
